
Microsoft Visual Studio Solution File, Format Version 12.00
# Visual Studio Version 17
VisualStudioVersion = 17.0.32126.317
MinimumVisualStudioVersion = 10.0.40219.1
Project("{9A19103F-16F7-4668-BE54-9A1E7A4F7556}") = "Domain", "Domain\Domain.csproj", "{2F59A246-5F8C-41D6-BA6C-AD162A6265D2}"
EndProject
Project("{9A19103F-16F7-4668-BE54-9A1E7A4F7556}") = "Database.MsSQL", "Database.MsSQL\Database.MsSQL.csproj", "{A7C13EE3-96AC-408E-86B3-ADA1A4C435F0}"
EndProject
Project("{9A19103F-16F7-4668-BE54-9A1E7A4F7556}") = "API.Web", "API.Web\API.Web.csproj", "{9B761944-2DBC-4C8D-8665-B0D09D11F1F0}"
EndProject
Project("{9A19103F-16F7-4668-BE54-9A1E7A4F7556}") = "Database.AzureTables", "Database.AzureTables\Database.AzureTables.csproj", "{56D66E62-974A-47E4-8544-3653247639A6}"
EndProject
Project("{9A19103F-16F7-4668-BE54-9A1E7A4F7556}") = "API.Functions", "API.Functions\API.Functions.csproj", "{362ED459-8183-47F1-91E4-4D911F7B5F3B}"
EndProject
Project("{FAE04EC0-301F-11D3-BF4B-00C04F79EFBC}") = "Mailing.Queue", "Mailing.Queue\Mailing.Queue.csproj", "{C46CE86B-9570-41C8-BF95-4DC336C591B1}"
EndProject
Global
	GlobalSection(SolutionConfigurationPlatforms) = preSolution
		Debug|Any CPU = Debug|Any CPU
		Release|Any CPU = Release|Any CPU
	EndGlobalSection
	GlobalSection(ProjectConfigurationPlatforms) = postSolution
		{2F59A246-5F8C-41D6-BA6C-AD162A6265D2}.Debug|Any CPU.ActiveCfg = Debug|Any CPU
		{2F59A246-5F8C-41D6-BA6C-AD162A6265D2}.Debug|Any CPU.Build.0 = Debug|Any CPU
		{2F59A246-5F8C-41D6-BA6C-AD162A6265D2}.Release|Any CPU.ActiveCfg = Release|Any CPU
		{2F59A246-5F8C-41D6-BA6C-AD162A6265D2}.Release|Any CPU.Build.0 = Release|Any CPU
		{A7C13EE3-96AC-408E-86B3-ADA1A4C435F0}.Debug|Any CPU.ActiveCfg = Debug|Any CPU
		{A7C13EE3-96AC-408E-86B3-ADA1A4C435F0}.Debug|Any CPU.Build.0 = Debug|Any CPU
		{A7C13EE3-96AC-408E-86B3-ADA1A4C435F0}.Release|Any CPU.ActiveCfg = Release|Any CPU
		{A7C13EE3-96AC-408E-86B3-ADA1A4C435F0}.Release|Any CPU.Build.0 = Release|Any CPU
		{9B761944-2DBC-4C8D-8665-B0D09D11F1F0}.Debug|Any CPU.ActiveCfg = Debug|Any CPU
		{9B761944-2DBC-4C8D-8665-B0D09D11F1F0}.Debug|Any CPU.Build.0 = Debug|Any CPU
		{9B761944-2DBC-4C8D-8665-B0D09D11F1F0}.Release|Any CPU.ActiveCfg = Release|Any CPU
		{9B761944-2DBC-4C8D-8665-B0D09D11F1F0}.Release|Any CPU.Build.0 = Release|Any CPU
		{56D66E62-974A-47E4-8544-3653247639A6}.Debug|Any CPU.ActiveCfg = Debug|Any CPU
		{56D66E62-974A-47E4-8544-3653247639A6}.Debug|Any CPU.Build.0 = Debug|Any CPU
		{56D66E62-974A-47E4-8544-3653247639A6}.Release|Any CPU.ActiveCfg = Release|Any CPU
		{56D66E62-974A-47E4-8544-3653247639A6}.Release|Any CPU.Build.0 = Release|Any CPU
		{362ED459-8183-47F1-91E4-4D911F7B5F3B}.Debug|Any CPU.ActiveCfg = Debug|Any CPU
		{362ED459-8183-47F1-91E4-4D911F7B5F3B}.Debug|Any CPU.Build.0 = Debug|Any CPU
		{362ED459-8183-47F1-91E4-4D911F7B5F3B}.Release|Any CPU.ActiveCfg = Release|Any CPU
		{362ED459-8183-47F1-91E4-4D911F7B5F3B}.Release|Any CPU.Build.0 = Release|Any CPU
		{C46CE86B-9570-41C8-BF95-4DC336C591B1}.Debug|Any CPU.ActiveCfg = Debug|Any CPU
		{C46CE86B-9570-41C8-BF95-4DC336C591B1}.Debug|Any CPU.Build.0 = Debug|Any CPU
		{C46CE86B-9570-41C8-BF95-4DC336C591B1}.Release|Any CPU.ActiveCfg = Release|Any CPU
		{C46CE86B-9570-41C8-BF95-4DC336C591B1}.Release|Any CPU.Build.0 = Release|Any CPU
	EndGlobalSection
	GlobalSection(SolutionProperties) = preSolution
		HideSolutionNode = FALSE
	EndGlobalSection
	GlobalSection(ExtensibilityGlobals) = postSolution
		SolutionGuid = {A9791BD8-6507-4CD5-867E-0C480522FE6E}
	EndGlobalSection
EndGlobal
